
Microsoft Visual Studio Solution File, Format Version 12.00
# Visual Studio Version 17
VisualStudioVersion = 17.0.32126.317
MinimumVisualStudioVersion = 10.0.40219.1
Project("{FAE04EC0-301F-11D3-BF4B-00C04F79EFBC}") = "test_vyjimky", "test_vyjimky\test_vyjimky.csproj", "{4E72F2B9-44B5-4707-9063-59DC8AC75DBD}"
EndProject
Global
	GlobalSection(SolutionConfigurationPlatforms) = preSolution
		Debug|Any CPU = Debug|Any CPU
		Release|Any CPU = Release|Any CPU
	EndGlobalSection
	GlobalSection(ProjectConfigurationPlatforms) = postSolution
		{4E72F2B9-44B5-4707-9063-59DC8AC75DBD}.Debug|Any CPU.ActiveCfg = Debug|Any CPU
		{4E72F2B9-44B5-4707-9063-59DC8AC75DBD}.Debug|Any CPU.Build.0 = Debug|Any CPU
		{4E72F2B9-44B5-4707-9063-59DC8AC75DBD}.Release|Any CPU.ActiveCfg = Release|Any CPU
		{4E72F2B9-44B5-4707-9063-59DC8AC75DBD}.Release|Any CPU.Build.0 = Release|Any CPU
	EndGlobalSection
	GlobalSection(SolutionProperties) = preSolution
		HideSolutionNode = FALSE
	EndGlobalSection
	GlobalSection(ExtensibilityGlobals) = postSolution
		SolutionGuid = {9A8AF05B-F63A-40FC-B603-16C3DB2A2AEE}
	EndGlobalSection
EndGlobal
